
Microsoft Visual Studio Solution File, Format Version 12.00
# Visual Studio Version 17
VisualStudioVersion = 17.3.32929.385
MinimumVisualStudioVersion = 10.0.40219.1
Project("{FAE04EC0-301F-11D3-BF4B-00C04F79EFBC}") = "homeTask-2", "homeTask-2.csproj", "{4D1CCC46-C797-48AE-A195-420F8E24C368}"
EndProject
Global
	GlobalSection(SolutionConfigurationPlatforms) = preSolution
		Debug|Any CPU = Debug|Any CPU
		Release|Any CPU = Release|Any CPU
	EndGlobalSection
	GlobalSection(ProjectConfigurationPlatforms) = postSolution
		{4D1CCC46-C797-48AE-A195-420F8E24C368}.Debug|Any CPU.ActiveCfg = Debug|Any CPU
		{4D1CCC46-C797-48AE-A195-420F8E24C368}.Debug|Any CPU.Build.0 = Debug|Any CPU
		{4D1CCC46-C797-48AE-A195-420F8E24C368}.Release|Any CPU.ActiveCfg = Release|Any CPU
		{4D1CCC46-C797-48AE-A195-420F8E24C368}.Release|Any CPU.Build.0 = Release|Any CPU
	EndGlobalSection
	GlobalSection(SolutionProperties) = preSolution
		HideSolutionNode = FALSE
	EndGlobalSection
	GlobalSection(ExtensibilityGlobals) = postSolution
		SolutionGuid = {A500B6E5-730D-4FFC-9CE3-F96417BF655C}
	EndGlobalSection
EndGlobal
